// !$*UTF8*$!
{
	archiveVersion = 1;
	classes = {
	};
	objectVersion = 46;
	objects = {

/* Begin PBXBuildFile section */
		B82123CB1D4A2E570042BDB7 /* AppDelegate.swift in Sources */ = {isa = PBXBuildFile; fileRef = B82123CA1D4A2E570042BDB7 /* AppDelegate.swift */; };
		B82123CD1D4A2E570042BDB7 /* ViewController.swift in Sources */ = {isa = PBXBuildFile; fileRef = B82123CC1D4A2E570042BDB7 /* ViewController.swift */; };
		B82123D01D4A2E570042BDB7 /* Main.storyboard in Resources */ = {isa = PBXBuildFile; fileRef = B82123CE1D4A2E570042BDB7 /* Main.storyboard */; };
		B82123D21D4A2E570042BDB7 /* Assets.xcassets in Resources */ = {isa = PBXBuildFile; fileRef = B82123D11D4A2E570042BDB7 /* Assets.xcassets */; };
		B82123D51D4A2E570042BDB7 /* LaunchScreen.storyboard in Resources */ = {isa = PBXBuildFile; fileRef = B82123D31D4A2E570042BDB7 /* LaunchScreen.storyboard */; };
/* End PBXBuildFile section */

/* Begin PBXFileReference section */
		B82123C71D4A2E570042BDB7 /* FunnyLab.app */ = {isa = PBXFileReference; explicitFileType = wrapper.application; includeInIndex = 0; path = FunnyLab.app; sourceTree = BUILT_PRODUCTS_DIR; };
		B82123CA1D4A2E570042BDB7 /* AppDelegate.swift */ = {isa = PBXFileReference; lastKnownFileType = sourcecode.swift; path = AppDelegate.swift; sourceTree = "<group>"; };
		B82123CC1D4A2E570042BDB7 /* ViewController.swift */ = {isa = PBXFileReference; lastKnownFileType = sourcecode.swift; path = ViewController.swift; sourceTree = "<group>"; };
		B82123CF1D4A2E570042BDB7 /* Base */ = {isa = PBXFileReference; lastKnownFileType = file.storyboard; name = Base; path = Base.lproj/Main.storyboard; sourceTree = "<group>"; };
		B82123D11D4A2E570042BDB7 /* Assets.xcassets */ = {isa = PBXFileReference; lastKnownFileType = folder.assetcatalog; path = Assets.xcassets; sourceTree = "<group>"; };
		B82123D41D4A2E570042BDB7 /* Base */ = {isa = PBXFileReference; lastKnownFileType = file.storyboard; name = Base; path = Base.lproj/LaunchScreen.storyboard; sourceTree = "<group>"; };
		B82123D61D4A2E570042BDB7 /* Info.plist */ = {isa = PBXFileReference; lastKnownFileType = text.plist.xml; path = Info.plist; sourceTree = "<group>"; };
/* End PBXFileReference section */

/* Begin PBXFrameworksBuildPhase section */
		B82123C41D4A2E570042BDB7 /* Frameworks */ = {
			isa = PBXFrameworksBuildPhase;
			buildActionMask = 2147483647;
			files = (
			);
			runOnlyForDeploymentPostprocessing = 0;
		};
/* End PBXFrameworksBuildPhase section */

/* Begin PBXGroup section */
		B82123BE1D4A2E570042BDB7 = {
			isa = PBXGroup;
			children = (
				B82123C91D4A2E570042BDB7 /* FunnyLab */,
				B82123C81D4A2E570042BDB7 /* Products */,
			);
			sourceTree = "<group>";
		};
		B82123C81D4A2E570042BDB7 /* Products */ = {
			isa = PBXGroup;
			children = (
				B82123C71D4A2E570042BDB7 /* FunnyLab.app */,
			);
			name = Products;
			sourceTree = "<group>";
		};
		B82123C91D4A2E570042BDB7 /* FunnyLab */ = {
			isa = PBXGroup;
			children = (
				B82123CA1D4A2E570042BDB7 /* AppDelegate.swift */,
				B82123CC1D4A2E570042BDB7 /* ViewController.swift */,
				B82123CE1D4A2E570042BDB7 /* Main.storyboard */,
				B82123D11D4A2E570042BDB7 /* Assets.xcassets */,
				B82123D31D4A2E570042BDB7 /* LaunchScreen.storyboard */,
				B82123D61D4A2E570042BDB7 /* Info.plist */,
			);
			path = FunnyLab;
			sourceTree = "<group>";
		};
/* End PBXGroup section */

/* Begin PBXNativeTarget section */
		B82123C61D4A2E570042BDB7 /* FunnyLab */ = {
			isa = PBXNativeTarget;
			buildConfigurationList = B82123D91D4A2E570042BDB7 /* Build configuration list for PBXNativeTarget "FunnyLab" */;
			buildPhases = (
				B82123C31D4A2E570042BDB7 /* Sources */,
				B82123C41D4A2E570042BDB7 /* Frameworks */,
				B82123C51D4A2E570042BDB7 /* Resources */,
			);
			buildRules = (
			);
			dependencies = (
			);
			name = FunnyLab;
			productName = FunnyLab;
			productReference = B82123C71D4A2E570042BDB7 /* FunnyLab.app */;
			productType = "com.apple.product-type.application";
		};
/* End PBXNativeTarget section */

/* Begin PBXProject section */
		B82123BF1D4A2E570042BDB7 /* Project object */ = {
			isa = PBXProject;
			attributes = {
				LastSwiftUpdateCheck = 0730;
				LastUpgradeCheck = 0730;
				ORGANIZATIONNAME = VuNguyen;
				TargetAttributes = {
					B82123C61D4A2E570042BDB7 = {
						CreatedOnToolsVersion = 7.3.1;
						DevelopmentTeam = 38TWKN4D2T;
					};
				};
			};
			buildConfigurationList = B82123C21D4A2E570042BDB7 /* Build configuration list for PBXProject "FunnyLab" */;
			compatibilityVersion = "Xcode 3.2";
			developmentRegion = English;
			hasScannedForEncodings = 0;
			knownRegions = (
				en,
				Base,
			);
			mainGroup = B82123BE1D4A2E570042BDB7;
			productRefGroup = B82123C81D4A2E570042BDB7 /* Products */;
			projectDirPath = "";
			projectRoot = "";
			targets = (
				B82123C61D4A2E570042BDB7 /* FunnyLab */,
			);
		};
/* End PBXProject section */

/* Begin PBXResourcesBuildPhase section */
		B82123C51D4A2E570042BDB7 /* Resources */ = {
			isa = PBXResourcesBuildPhase;
			buildActionMask = 2147483647;
			files = (
				B82123D51D4A2E570042BDB7 /* LaunchScreen.storyboard in Resources */,
				B82123D21D4A2E570042BDB7 /* Assets.xcassets in Resources */,
				B82123D01D4A2E570042BDB7 /* Main.storyboard in Resources */,
			);
			runOnlyForDeploymentPostprocessing = 0;
		};
/* End PBXResourcesBuildPhase section */

/* Begin PBXSourcesBuildPhase section */
		B82123C31D4A2E570042BDB7 /* Sources */ = {
			isa = PBXSourcesBuildPhase;
			buildActionMask = 2147483647;
			files = (
				B82123CD1D4A2E570042BDB7 /* ViewController.swift in Sources */,
				B82123CB1D4A2E570042BDB7 /* AppDelegate.swift in Sources */,
			);
			runOnlyForDeploymentPostprocessing = 0;
		};
/* End PBXSourcesBuildPhase section */

/* Begin PBXVariantGroup section */
		B82123CE1D4A2E570042BDB7 /* Main.storyboard */ = {
			isa = PBXVariantGroup;
			children = (
				B82123CF1D4A2E570042BDB7 /* Base */,
			);
			name = Main.storyboard;
			sourceTree = "<group>";
		};
		B82123D31D4A2E570042BDB7 /* LaunchScreen.storyboard */ = {
			isa = PBXVariantGroup;
			children = (
				B82123D41D4A2E570042BDB7 /* Base */,
			);
			name = LaunchScreen.storyboard;
			sourceTree = "<group>";
		};
/* End PBXVariantGroup section */

/* Begin XCBuildConfiguration section */
		B82123D71D4A2E570042BDB7 /* Debug */ = {
			isa = XCBuildConfiguration;
			buildSettings = {
				ALWAYS_SEARCH_USER_PATHS = NO;
				CLANG_ANALYZER_NONNULL = YES;
				CLANG_CXX_LANGUAGE_STANDARD = "gnu++0x";
				CLANG_CXX_LIBRARY = "libc++";
				CLANG_ENABLE_MODULES = YES;
				CLANG_ENABLE_OBJC_ARC = YES;
				CLANG_WARN_BOOL_CONVERSION = YES;
				CLANG_WARN_CONSTANT_CONVERSION = YES;
				CLANG_WARN_DIRECT_OBJC_ISA_USAGE = YES_ERROR;
				CLANG_WARN_EMPTY_BODY = YES;
				CLANG_WARN_ENUM_CONVERSION = YES;
				CLANG_WARN_INT_CONVERSION = YES;
				CLANG_WARN_OBJC_ROOT_CLASS = YES_ERROR;
				CLANG_WARN_UNREACHABLE_CODE = YES;
				CLANG_WARN__DUPLICATE_METHOD_MATCH = YES;
				"CODE_SIGN_IDENTITY[sdk=iphoneos*]" = "iPhone Developer";
				COPY_PHASE_STRIP = NO;
				DEBUG_INFORMATION_FORMAT = dwarf;
				ENABLE_STRICT_OBJC_MSGSEND = YES;
				ENABLE_TESTABILITY = YES;
				GCC_C_LANGUAGE_STANDARD = gnu99;
				GCC_DYNAMIC_NO_PIC = NO;
				GCC_NO_COMMON_BLOCKS = YES;
				GCC_OPTIMIZATION_LEVEL = 0;
				GCC_PREPROCESSOR_DEFINITIONS = (
					"DEBUG=1",
					"$(inherited)",
				);
				GCC_WARN_64_TO_32_BIT_CONVERSION = YES;
				GCC_WARN_ABOUT_RETURN_TYPE = YES_ERROR;
				GCC_WARN_UNDECLARED_SELECTOR = YES;
				GCC_WARN_UNINITIALIZED_AUTOS = YES_AGGRESSIVE;
				GCC_WARN_UNUSED_FUNCTION = YES;
				GCC_WARN_UNUSED_VARIABLE = YES;
				IPHONEOS_DEPLOYMENT_TARGET = 9.3;
				MTL_ENABLE_DEBUG_INFO = YES;
				ONLY_ACTIVE_ARCH = YES;
				SDKROOT = iphoneos;
				SWIFT_OPTIMIZATION_LEVEL = "-Onone";
			};
			name = Debug;
		};
		B82123D81D4A2E570042BDB7 /* Release */ = {
			isa = XCBuildConfiguration;
			buildSettings = {
				ALWAYS_SEARCH_USER_PATHS = NO;
				CLANG_ANALYZER_NONNULL = YES;
				CLANG_CXX_LANGUAGE_STANDARD = "gnu++0x";
				CLANG_CXX_LIBRARY = "libc++";
				CLANG_ENABLE_MODULES = YES;
				CLANG_ENABLE_OBJC_ARC = YES;
				CLANG_WARN_BOOL_CONVERSION = YES;
				CLANG_WARN_CONSTANT_CONVERSION = YES;
				CLANG_WARN_DIRECT_OBJC_ISA_USAGE = YES_ERROR;
				CLANG_WARN_EMPTY_BODY = YES;
				CLANG_WARN_ENUM_CONVERSION = YES;
				CLANG_WARN_INT_CONVERSION = YES;
				CLANG_WARN_OBJC_ROOT_CLASS = YES_ERROR;
				CLANG_WARN_UNREACHABLE_CODE = YES;
				CLANG_WARN__DUPLICATE_METHOD_MATCH = YES;
				"CODE_SIGN_IDENTITY[sdk=iphoneos*]" = "iPhone Developer";
				COPY_PHASE_STRIP = NO;
				DEBUG_INFORMATION_FORMAT = "dwarf-with-dsym";
				ENABLE_NS_ASSERTIONS = NO;
				ENABLE_STRICT_OBJC_MSGSEND = YES;
				GCC_C_LANGUAGE_STANDARD = gnu99;
				GCC_NO_COMMON_BLOCKS = YES;
				GCC_WARN_64_TO_32_BIT_CONVERSION = YES;
				GCC_WARN_ABOUT_RETURN_TYPE = YES_ERROR;
				GCC_WARN_UNDECLARED_SELECTOR = YES;
				GCC_WARN_UNINITIALIZED_AUTOS = YES_AGGRESSIVE;
				GCC_WARN_UNUSED_FUNCTION = YES;
				GCC_WARN_UNUSED_VARIABLE = YES;
				IPHONEOS_DEPLOYMENT_TARGET = 9.3;
				MTL_ENABLE_DEBUG_INFO = NO;
				SDKROOT = iphoneos;
				VALIDATE_PRODUCT = YES;
			};
			name = Release;
		};
		B82123DA1D4A2E570042BDB7 /* Debug */ = {
			isa = XCBuildConfiguration;
			buildSettings = {
				ASSETCATALOG_COMPILER_APPICON_NAME = AppIcon;
				INFOPLIST_FILE = FunnyLab/Info.plist;
				LD_RUNPATH_SEARCH_PATHS = "$(inherited) @executable_path/Frameworks";
				PRODUCT_BUNDLE_IDENTIFIER = Com.VuNguyen.FunnyLab;
				PRODUCT_NAME = "$(TARGET_NAME)";
			};
			name = Debug;
		};
		B82123DB1D4A2E570042BDB7 /* Release */ = {
			isa = XCBuildConfiguration;
			buildSettings = {
				ASSETCATALOG_COMPILER_APPICON_NAME = AppIcon;
				INFOPLIST_FILE = FunnyLab/Info.plist;
				LD_RUNPATH_SEARCH_PATHS = "$(inherited) @executable_path/Frameworks";
				PRODUCT_BUNDLE_IDENTIFIER = Com.VuNguyen.FunnyLab;
				PRODUCT_NAME = "$(TARGET_NAME)";
			};
			name = Release;
		};
/* End XCBuildConfiguration section */

/* Begin XCConfigurationList section */
		B82123C21D4A2E570042BDB7 /* Build configuration list for PBXProject "FunnyLab" */ = {
			isa = XCConfigurationList;
			buildConfigurations = (
				B82123D71D4A2E570042BDB7 /* Debug */,
				B82123D81D4A2E570042BDB7 /* Release */,
			);
			defaultConfigurationIsVisible = 0;
			defaultConfigurationName = Release;
		};
		B82123D91D4A2E570042BDB7 /* Build configuration list for PBXNativeTarget "FunnyLab" */ = {
			isa = XCConfigurationList;
			buildConfigurations = (
				B82123DA1D4A2E570042BDB7 /* Debug */,
				B82123DB1D4A2E570042BDB7 /* Release */,
			);
			defaultConfigurationIsVisible = 0;
		};
/* End XCConfigurationList section */
	};
	rootObject = B82123BF1D4A2E570042BDB7 /* Project object */;
}
